
Microsoft Visual Studio Solution File, Format Version 12.00
# Visual Studio Version 17
VisualStudioVersion = 17.4.33213.308
MinimumVisualStudioVersion = 10.0.40219.1
Project("{FAE04EC0-301F-11D3-BF4B-00C04F79EFBC}") = "PictureProject", "PictureProject.csproj", "{C537CD90-5CB9-4B8B-BB6A-78F39A39179A}"
EndProject
Global
	GlobalSection(SolutionConfigurationPlatforms) = preSolution
		Debug|Any CPU = Debug|Any CPU
		Release|Any CPU = Release|Any CPU
	EndGlobalSection
	GlobalSection(ProjectConfigurationPlatforms) = postSolution
		{C537CD90-5CB9-4B8B-BB6A-78F39A39179A}.Debug|Any CPU.ActiveCfg = Debug|Any CPU
		{C537CD90-5CB9-4B8B-BB6A-78F39A39179A}.Debug|Any CPU.Build.0 = Debug|Any CPU
		{C537CD90-5CB9-4B8B-BB6A-78F39A39179A}.Release|Any CPU.ActiveCfg = Release|Any CPU
		{C537CD90-5CB9-4B8B-BB6A-78F39A39179A}.Release|Any CPU.Build.0 = Release|Any CPU
	EndGlobalSection
	GlobalSection(SolutionProperties) = preSolution
		HideSolutionNode = FALSE
	EndGlobalSection
	GlobalSection(ExtensibilityGlobals) = postSolution
		SolutionGuid = {CF80616E-6149-41C2-B992-846BB0C34B67}
	EndGlobalSection
EndGlobal
