
Microsoft Visual Studio Solution File, Format Version 12.00
# Visual Studio Version 17
VisualStudioVersion = 17.4.33213.308
MinimumVisualStudioVersion = 10.0.40219.1
Project("{FAE04EC0-301F-11D3-BF4B-00C04F79EFBC}") = "EventLog", "EventLog.csproj", "{786547E6-F541-479E-A2ED-9D0EE40DAC99}"
EndProject
Global
	GlobalSection(SolutionConfigurationPlatforms) = preSolution
		Debug|Any CPU = Debug|Any CPU
		Release|Any CPU = Release|Any CPU
	EndGlobalSection
	GlobalSection(ProjectConfigurationPlatforms) = postSolution
		{786547E6-F541-479E-A2ED-9D0EE40DAC99}.Debug|Any CPU.ActiveCfg = Debug|Any CPU
		{786547E6-F541-479E-A2ED-9D0EE40DAC99}.Debug|Any CPU.Build.0 = Debug|Any CPU
		{786547E6-F541-479E-A2ED-9D0EE40DAC99}.Release|Any CPU.ActiveCfg = Release|Any CPU
		{786547E6-F541-479E-A2ED-9D0EE40DAC99}.Release|Any CPU.Build.0 = Release|Any CPU
	EndGlobalSection
	GlobalSection(SolutionProperties) = preSolution
		HideSolutionNode = FALSE
	EndGlobalSection
	GlobalSection(ExtensibilityGlobals) = postSolution
		SolutionGuid = {160F5008-DAB5-449E-A4D3-159FB8DBE989}
	EndGlobalSection
EndGlobal
