
Microsoft Visual Studio Solution File, Format Version 12.00
# Visual Studio Version 17
VisualStudioVersion = 17.4.33213.308
MinimumVisualStudioVersion = 10.0.40219.1
Project("{FAE04EC0-301F-11D3-BF4B-00C04F79EFBC}") = "WindowsFormsApp1", "WindowsFormsApp1\WindowsFormsApp1.csproj", "{6C9358FC-1114-45BC-A79D-54E539F60A55}"
EndProject
Global
	GlobalSection(SolutionConfigurationPlatforms) = preSolution
		Debug|Any CPU = Debug|Any CPU
		Release|Any CPU = Release|Any CPU
	EndGlobalSection
	GlobalSection(ProjectConfigurationPlatforms) = postSolution
		{6C9358FC-1114-45BC-A79D-54E539F60A55}.Debug|Any CPU.ActiveCfg = Debug|Any CPU
		{6C9358FC-1114-45BC-A79D-54E539F60A55}.Debug|Any CPU.Build.0 = Debug|Any CPU
		{6C9358FC-1114-45BC-A79D-54E539F60A55}.Release|Any CPU.ActiveCfg = Release|Any CPU
		{6C9358FC-1114-45BC-A79D-54E539F60A55}.Release|Any CPU.Build.0 = Release|Any CPU
	EndGlobalSection
	GlobalSection(SolutionProperties) = preSolution
		HideSolutionNode = FALSE
	EndGlobalSection
	GlobalSection(ExtensibilityGlobals) = postSolution
		SolutionGuid = {5D2A707E-2473-451E-AC8A-62D68A513AE6}
	EndGlobalSection
EndGlobal
