
Microsoft Visual Studio Solution File, Format Version 12.00
# Visual Studio Version 17
VisualStudioVersion = 17.4.33213.308
MinimumVisualStudioVersion = 10.0.40219.1
Project("{FAE04EC0-301F-11D3-BF4B-00C04F79EFBC}") = "Animation Side Bar", "Animation Side Bar.csproj", "{737E8877-B324-4D1C-B470-855A9E44A192}"
EndProject
Global
	GlobalSection(SolutionConfigurationPlatforms) = preSolution
		Debug|Any CPU = Debug|Any CPU
		Release|Any CPU = Release|Any CPU
	EndGlobalSection
	GlobalSection(ProjectConfigurationPlatforms) = postSolution
		{737E8877-B324-4D1C-B470-855A9E44A192}.Debug|Any CPU.ActiveCfg = Debug|Any CPU
		{737E8877-B324-4D1C-B470-855A9E44A192}.Debug|Any CPU.Build.0 = Debug|Any CPU
		{737E8877-B324-4D1C-B470-855A9E44A192}.Release|Any CPU.ActiveCfg = Release|Any CPU
		{737E8877-B324-4D1C-B470-855A9E44A192}.Release|Any CPU.Build.0 = Release|Any CPU
	EndGlobalSection
	GlobalSection(SolutionProperties) = preSolution
		HideSolutionNode = FALSE
	EndGlobalSection
	GlobalSection(ExtensibilityGlobals) = postSolution
		SolutionGuid = {C7586291-2106-4BB5-8F8F-14BA51B2EA83}
	EndGlobalSection
EndGlobal
