
Microsoft Visual Studio Solution File, Format Version 12.00
# Visual Studio Version 17
VisualStudioVersion = 17.4.33213.308
MinimumVisualStudioVersion = 10.0.40219.1
Project("{9A19103F-16F7-4668-BE54-9A1E7A4F7556}") = "MyFirstASP_Project", "MyFirstASP_Project.csproj", "{F8D0E1A3-BFFF-4FBD-93ED-A0072FAF286B}"
EndProject
Project("{FAE04EC0-301F-11D3-BF4B-00C04F79EFBC}") = "MyFirstASP_Project.core", "..\MyFirstASP_Project.core\MyFirstASP_Project.core.csproj", "{E826A8D3-595F-48C4-9F72-4C7D6950AF5D}"
EndProject
Project("{FAE04EC0-301F-11D3-BF4B-00C04F79EFBC}") = "MyFirstASP_Project.data", "..\MyFirstASP_Project.data\MyFirstASP_Project.data.csproj", "{9BFB98C4-5156-4A4A-80A6-33CB89FE4C8F}"
EndProject
Global
	GlobalSection(SolutionConfigurationPlatforms) = preSolution
		Debug|Any CPU = Debug|Any CPU
		Release|Any CPU = Release|Any CPU
	EndGlobalSection
	GlobalSection(ProjectConfigurationPlatforms) = postSolution
		{F8D0E1A3-BFFF-4FBD-93ED-A0072FAF286B}.Debug|Any CPU.ActiveCfg = Debug|Any CPU
		{F8D0E1A3-BFFF-4FBD-93ED-A0072FAF286B}.Debug|Any CPU.Build.0 = Debug|Any CPU
		{F8D0E1A3-BFFF-4FBD-93ED-A0072FAF286B}.Release|Any CPU.ActiveCfg = Release|Any CPU
		{F8D0E1A3-BFFF-4FBD-93ED-A0072FAF286B}.Release|Any CPU.Build.0 = Release|Any CPU
		{E826A8D3-595F-48C4-9F72-4C7D6950AF5D}.Debug|Any CPU.ActiveCfg = Debug|Any CPU
		{E826A8D3-595F-48C4-9F72-4C7D6950AF5D}.Debug|Any CPU.Build.0 = Debug|Any CPU
		{E826A8D3-595F-48C4-9F72-4C7D6950AF5D}.Release|Any CPU.ActiveCfg = Release|Any CPU
		{E826A8D3-595F-48C4-9F72-4C7D6950AF5D}.Release|Any CPU.Build.0 = Release|Any CPU
		{9BFB98C4-5156-4A4A-80A6-33CB89FE4C8F}.Debug|Any CPU.ActiveCfg = Debug|Any CPU
		{9BFB98C4-5156-4A4A-80A6-33CB89FE4C8F}.Debug|Any CPU.Build.0 = Debug|Any CPU
		{9BFB98C4-5156-4A4A-80A6-33CB89FE4C8F}.Release|Any CPU.ActiveCfg = Release|Any CPU
		{9BFB98C4-5156-4A4A-80A6-33CB89FE4C8F}.Release|Any CPU.Build.0 = Release|Any CPU
	EndGlobalSection
	GlobalSection(SolutionProperties) = preSolution
		HideSolutionNode = FALSE
	EndGlobalSection
	GlobalSection(ExtensibilityGlobals) = postSolution
		SolutionGuid = {546720B3-EAEA-42E1-88D9-3C85EB8A0200}
	EndGlobalSection
EndGlobal
