
Microsoft Visual Studio Solution File, Format Version 12.00
# Visual Studio Version 17
VisualStudioVersion = 17.4.33213.308
MinimumVisualStudioVersion = 10.0.40219.1
Project("{FAE04EC0-301F-11D3-BF4B-00C04F79EFBC}") = "UserSignIn", "UserSignIn.csproj", "{53E00550-9962-4955-9F66-A81CFE40615D}"
EndProject
Global
	GlobalSection(SolutionConfigurationPlatforms) = preSolution
		Debug|Any CPU = Debug|Any CPU
		Release|Any CPU = Release|Any CPU
	EndGlobalSection
	GlobalSection(ProjectConfigurationPlatforms) = postSolution
		{53E00550-9962-4955-9F66-A81CFE40615D}.Debug|Any CPU.ActiveCfg = Debug|Any CPU
		{53E00550-9962-4955-9F66-A81CFE40615D}.Debug|Any CPU.Build.0 = Debug|Any CPU
		{53E00550-9962-4955-9F66-A81CFE40615D}.Release|Any CPU.ActiveCfg = Release|Any CPU
		{53E00550-9962-4955-9F66-A81CFE40615D}.Release|Any CPU.Build.0 = Release|Any CPU
	EndGlobalSection
	GlobalSection(SolutionProperties) = preSolution
		HideSolutionNode = FALSE
	EndGlobalSection
	GlobalSection(ExtensibilityGlobals) = postSolution
		SolutionGuid = {BB7D52E4-8E4E-4DC6-9E97-5E7C87DCB56B}
	EndGlobalSection
EndGlobal
