
Microsoft Visual Studio Solution File, Format Version 12.00
# Visual Studio Version 17
VisualStudioVersion = 17.4.33213.308
MinimumVisualStudioVersion = 10.0.40219.1
Project("{FAE04EC0-301F-11D3-BF4B-00C04F79EFBC}") = "Registry", "Registry.csproj", "{1A63F1DF-42B0-420E-BA68-0ADDFB58FCEC}"
EndProject
Global
	GlobalSection(SolutionConfigurationPlatforms) = preSolution
		Debug|Any CPU = Debug|Any CPU
		Release|Any CPU = Release|Any CPU
	EndGlobalSection
	GlobalSection(ProjectConfigurationPlatforms) = postSolution
		{1A63F1DF-42B0-420E-BA68-0ADDFB58FCEC}.Debug|Any CPU.ActiveCfg = Debug|Any CPU
		{1A63F1DF-42B0-420E-BA68-0ADDFB58FCEC}.Debug|Any CPU.Build.0 = Debug|Any CPU
		{1A63F1DF-42B0-420E-BA68-0ADDFB58FCEC}.Release|Any CPU.ActiveCfg = Release|Any CPU
		{1A63F1DF-42B0-420E-BA68-0ADDFB58FCEC}.Release|Any CPU.Build.0 = Release|Any CPU
	EndGlobalSection
	GlobalSection(SolutionProperties) = preSolution
		HideSolutionNode = FALSE
	EndGlobalSection
	GlobalSection(ExtensibilityGlobals) = postSolution
		SolutionGuid = {7931ECAD-E7A8-467F-B0C6-C98DD4675369}
	EndGlobalSection
EndGlobal
