
Microsoft Visual Studio Solution File, Format Version 12.00
# Visual Studio Version 17
VisualStudioVersion = 17.4.33213.308
MinimumVisualStudioVersion = 10.0.40219.1
Project("{FAE04EC0-301F-11D3-BF4B-00C04F79EFBC}") = "ConsoleApp1", "ConsoleApp1.csproj", "{15A2D614-71A2-4CEB-A694-83BE14724BDB}"
EndProject
Global
	GlobalSection(SolutionConfigurationPlatforms) = preSolution
		Debug|Any CPU = Debug|Any CPU
		Release|Any CPU = Release|Any CPU
	EndGlobalSection
	GlobalSection(ProjectConfigurationPlatforms) = postSolution
		{15A2D614-71A2-4CEB-A694-83BE14724BDB}.Debug|Any CPU.ActiveCfg = Debug|Any CPU
		{15A2D614-71A2-4CEB-A694-83BE14724BDB}.Debug|Any CPU.Build.0 = Debug|Any CPU
		{15A2D614-71A2-4CEB-A694-83BE14724BDB}.Release|Any CPU.ActiveCfg = Release|Any CPU
		{15A2D614-71A2-4CEB-A694-83BE14724BDB}.Release|Any CPU.Build.0 = Release|Any CPU
	EndGlobalSection
	GlobalSection(SolutionProperties) = preSolution
		HideSolutionNode = FALSE
	EndGlobalSection
	GlobalSection(ExtensibilityGlobals) = postSolution
		SolutionGuid = {0A79025A-7CEB-4A1B-8D54-A8889B8C569E}
	EndGlobalSection
EndGlobal
