
Microsoft Visual Studio Solution File, Format Version 12.00
# Visual Studio Version 17
VisualStudioVersion = 17.4.33213.308
MinimumVisualStudioVersion = 10.0.40219.1
Project("{FAE04EC0-301F-11D3-BF4B-00C04F79EFBC}") = "Attrubites", "Attrubites.csproj", "{61EFC510-2ADD-434E-9A7A-F82ACD3B294F}"
EndProject
Global
	GlobalSection(SolutionConfigurationPlatforms) = preSolution
		Debug|Any CPU = Debug|Any CPU
		Release|Any CPU = Release|Any CPU
	EndGlobalSection
	GlobalSection(ProjectConfigurationPlatforms) = postSolution
		{61EFC510-2ADD-434E-9A7A-F82ACD3B294F}.Debug|Any CPU.ActiveCfg = Debug|Any CPU
		{61EFC510-2ADD-434E-9A7A-F82ACD3B294F}.Debug|Any CPU.Build.0 = Debug|Any CPU
		{61EFC510-2ADD-434E-9A7A-F82ACD3B294F}.Release|Any CPU.ActiveCfg = Release|Any CPU
		{61EFC510-2ADD-434E-9A7A-F82ACD3B294F}.Release|Any CPU.Build.0 = Release|Any CPU
	EndGlobalSection
	GlobalSection(SolutionProperties) = preSolution
		HideSolutionNode = FALSE
	EndGlobalSection
	GlobalSection(ExtensibilityGlobals) = postSolution
		SolutionGuid = {3C4DA1D1-9A2F-4FBE-87AF-DE953C7BB015}
	EndGlobalSection
EndGlobal
